{
  "name": "open-diabetes-filter",
  "version": "0.0.0",
  "lockfileVersion": 1,
  "requires": true,
  "dependencies": {
    "@types/lodash": {
      "version": "4.14.136",
      "resolved": "https://registry.npmjs.org/@types/lodash/-/lodash-4.14.136.tgz",
      "integrity": "sha512-0GJhzBdvsW2RUccNHOBkabI8HZVdOXmXbXhuKlDEd5Vv12P7oAVGfomGp3Ne21o5D/qu1WmthlNKFaoZJJeErA=="
    },
    "@types/node": {
      "version": "12.6.8",
      "resolved": "https://registry.npmjs.org/@types/node/-/node-12.6.8.tgz",
      "integrity": "sha512-aX+gFgA5GHcDi89KG5keey2zf0WfZk/HAQotEamsK2kbey+8yGKcson0hbK8E+v0NArlCJQCqMP161YhV6ZXLg=="
    },
    "JSONStream": {
      "version": "1.3.2",
      "resolved": "https://registry.npmjs.org/JSONStream/-/JSONStream-1.3.2.tgz",
      "integrity": "sha1-wQI3G27Dp887hHygDCC7D85Mbeo=",
      "requires": {
        "jsonparse": "^1.2.0",
        "through": ">=2.2.7 <3"
      }
    },
    "ajv": {
      "version": "6.10.0",
      "resolved": "https://registry.npmjs.org/ajv/-/ajv-6.10.0.tgz",
      "integrity": "sha512-nffhOpkymDECQyR0mnsUtoCE8RlX38G0rYP+wgLWFyZuUyuuojSSvi/+euOiQBIn63whYwYVIIH1TvE3tu4OEg==",
      "requires": {
        "fast-deep-equal": "^2.0.1",
        "fast-json-stable-stringify": "^2.0.0",
        "json-schema-traverse": "^0.4.1",
        "uri-js": "^4.2.2"
      }
    },
    "ajv-keywords": {
      "version": "3.4.0",
      "resolved": "https://registry.npmjs.org/ajv-keywords/-/ajv-keywords-3.4.0.tgz",
      "integrity": "sha512-aUjdRFISbuFOl0EIZc+9e4FfZp0bDZgAdOOf30bJmw8VM9v84SHyVyxDfbWxpGYbdZD/9XoKxfHVNmxPkhwyGw=="
    },
    "big.js": {
      "version": "5.2.2",
      "resolved": "https://registry.npmjs.org/big.js/-/big.js-5.2.2.tgz",
      "integrity": "sha512-vyL2OymJxmarO8gxMr0mhChsO9QGwhynfuu4+MHTAW6czfq9humCB7rKpUjDd9YUiDPU4mzpyupFSvOClAwbmQ=="
    },
    "bl": {
      "version": "1.2.2",
      "resolved": "https://registry.npmjs.org/bl/-/bl-1.2.2.tgz",
      "integrity": "sha512-e8tQYnZodmebYDWGH7KMRvtzKXaJHx3BbilrgZCfvyLUYdKpK1t5PSPmpkny/SgiTSCnjfLW7v5rlONXVFkQEA==",
      "requires": {
        "readable-stream": "^2.3.5",
        "safe-buffer": "^5.1.1"
      }
    },
    "buffer-alloc": {
      "version": "1.2.0",
      "resolved": "https://registry.npmjs.org/buffer-alloc/-/buffer-alloc-1.2.0.tgz",
      "integrity": "sha512-CFsHQgjtW1UChdXgbyJGtnm+O/uLQeZdtbDo8mfUgYXCHSM1wgrVxXm6bSyrUuErEb+4sYVGCzASBRot7zyrow==",
      "requires": {
        "buffer-alloc-unsafe": "^1.1.0",
        "buffer-fill": "^1.0.0"
      }
    },
    "buffer-alloc-unsafe": {
      "version": "1.1.0",
      "resolved": "https://registry.npmjs.org/buffer-alloc-unsafe/-/buffer-alloc-unsafe-1.1.0.tgz",
      "integrity": "sha512-TEM2iMIEQdJ2yjPJoSIsldnleVaAk1oW3DBVUykyOLsEsFmEc9kn+SFFPz+gl54KQNxlDnAwCXosOS9Okx2xAg=="
    },
    "buffer-fill": {
      "version": "1.0.0",
      "resolved": "https://registry.npmjs.org/buffer-fill/-/buffer-fill-1.0.0.tgz",
      "integrity": "sha1-+PeLdniYiO858gXNY39o5wISKyw="
    },
    "buffer-from": {
      "version": "1.1.1",
      "resolved": "https://registry.npmjs.org/buffer-from/-/buffer-from-1.1.1.tgz",
      "integrity": "sha512-MQcXEUbCKtEo7bhqEs6560Hyd4XaovZlO/k9V3hjVUF/zwW7KBVdSK4gIt/bzwS9MbR5qob+F5jusZsb0YQK2A=="
    },
    "child_process": {
      "version": "1.0.2",
      "resolved": "https://registry.npmjs.org/child_process/-/child_process-1.0.2.tgz",
      "integrity": "sha1-sffn/HPSXn/R1FWtyU4UODAYK1o="
    },
    "chownr": {
      "version": "1.1.2",
      "resolved": "https://registry.npmjs.org/chownr/-/chownr-1.1.2.tgz",
      "integrity": "sha512-GkfeAQh+QNy3wquu9oIZr6SS5x7wGdSgNQvD10X3r+AZr1Oys22HW8kAmDMvNg2+Dm0TeGaEuO8gFwdBXxwO8A=="
    },
    "concat-stream": {
      "version": "1.6.2",
      "resolved": "https://registry.npmjs.org/concat-stream/-/concat-stream-1.6.2.tgz",
      "integrity": "sha512-27HBghJxjiZtIk3Ycvn/4kbJk/1uZuJFfuPEns6LaEvpvG1f0hTea8lilrouyo9mVc2GWdcEZ8OLoGmSADlrCw==",
      "requires": {
        "buffer-from": "^1.0.0",
        "inherits": "^2.0.3",
        "readable-stream": "^2.2.2",
        "typedarray": "^0.0.6"
      }
    },
    "core-util-is": {
      "version": "1.0.2",
      "resolved": "https://registry.npmjs.org/core-util-is/-/core-util-is-1.0.2.tgz",
      "integrity": "sha1-tf1UIgqivFq1eqtxQMlAdUUDwac="
    },
    "debug": {
      "version": "3.2.6",
      "resolved": "https://registry.npmjs.org/debug/-/debug-3.2.6.tgz",
      "integrity": "sha512-mel+jf7nrtEl5Pn1Qx46zARXKDpBbvzezse7p7LqINmdoIk8PYP5SySaxEmYv6TZ0JyEKA1hsCId6DIhgITtWQ==",
      "requires": {
        "ms": "^2.1.1"
      }
    },
    "docker-modem": {
      "version": "1.0.9",
      "resolved": "https://registry.npmjs.org/docker-modem/-/docker-modem-1.0.9.tgz",
      "integrity": "sha512-lVjqCSCIAUDZPAZIeyM125HXfNvOmYYInciphNrLrylUtKyW66meAjSPXWchKVzoIYZx69TPnAepVSSkeawoIw==",
      "requires": {
        "JSONStream": "1.3.2",
        "debug": "^3.2.6",
        "readable-stream": "~1.0.26-4",
        "split-ca": "^1.0.0"
      },
      "dependencies": {
        "isarray": {
          "version": "0.0.1",
          "resolved": "https://registry.npmjs.org/isarray/-/isarray-0.0.1.tgz",
          "integrity": "sha1-ihis/Kmo9Bd+Cav8YDiTmwXR7t8="
        },
        "readable-stream": {
          "version": "1.0.34",
          "resolved": "https://registry.npmjs.org/readable-stream/-/readable-stream-1.0.34.tgz",
          "integrity": "sha1-Elgg40vIQtLyqq+v5MKRbuMsFXw=",
          "requires": {
            "core-util-is": "~1.0.0",
            "inherits": "~2.0.1",
            "isarray": "0.0.1",
            "string_decoder": "~0.10.x"
          }
        },
        "string_decoder": {
          "version": "0.10.31",
          "resolved": "https://registry.npmjs.org/string_decoder/-/string_decoder-0.10.31.tgz",
          "integrity": "sha1-YuIDvEF2bGwoyfyEMB2rHFMQ+pQ="
        }
      }
    },
    "dockerode": {
      "version": "2.5.8",
      "resolved": "https://registry.npmjs.org/dockerode/-/dockerode-2.5.8.tgz",
      "integrity": "sha512-+7iOUYBeDTScmOmQqpUYQaE7F4vvIt6+gIZNHWhqAQEI887tiPFB9OvXI/HzQYqfUNvukMK+9myLW63oTJPZpw==",
      "requires": {
        "concat-stream": "~1.6.2",
        "docker-modem": "^1.0.8",
        "tar-fs": "~1.16.3"
      }
    },
    "emojis-list": {
      "version": "2.1.0",
      "resolved": "https://registry.npmjs.org/emojis-list/-/emojis-list-2.1.0.tgz",
      "integrity": "sha1-TapNnbAPmBmIDHn6RXrlsJof04k="
    },
    "end-of-stream": {
      "version": "1.4.1",
      "resolved": "https://registry.npmjs.org/end-of-stream/-/end-of-stream-1.4.1.tgz",
      "integrity": "sha512-1MkrZNvWTKCaigbn+W15elq2BB/L22nqrSY5DKlo3X6+vclJm8Bb5djXJBmEX6fS3+zCh/F4VBK5Z2KxJt4s2Q==",
      "requires": {
        "once": "^1.4.0"
      }
    },
    "etch": {
      "version": "0.14.0",
      "resolved": "https://registry.npmjs.org/etch/-/etch-0.14.0.tgz",
      "integrity": "sha512-puqbFxz7lSm+YK6Q+bvRkNndRv6PRvGscSEhcFjmtL4nX/Az5rRCNPvK3aVTde85c/L5X0vI5kqfnpYddRalJQ=="
    },
    "fast-csv": {
      "version": "3.4.0",
      "resolved": "https://registry.npmjs.org/fast-csv/-/fast-csv-3.4.0.tgz",
      "integrity": "sha512-/vPTDJc/l6VLOLIqcrMjuhyi8ZVTipTNl2GkVvaYiHlyh16oQMYPUkUVfREurT3MYE9j3mLQDk2Q8kPq30qQCg==",
      "requires": {
        "@types/lodash": "^4.14.132",
        "@types/node": "^12.0.2",
        "lodash": "^4.17.13"
      }
    },
    "fast-deep-equal": {
      "version": "2.0.1",
      "resolved": "https://registry.npmjs.org/fast-deep-equal/-/fast-deep-equal-2.0.1.tgz",
      "integrity": "sha1-ewUhjd+WZ79/Nwv3/bLLFf3Qqkk="
    },
    "fast-json-stable-stringify": {
      "version": "2.0.0",
      "resolved": "https://registry.npmjs.org/fast-json-stable-stringify/-/fast-json-stable-stringify-2.0.0.tgz",
      "integrity": "sha1-1RQsDK7msRifh9OnYREGT4bIu/I="
    },
    "fs-constants": {
      "version": "1.0.0",
      "resolved": "https://registry.npmjs.org/fs-constants/-/fs-constants-1.0.0.tgz",
      "integrity": "sha512-y6OAwoSIf7FyjMIv94u+b5rdheZEjzR63GTyZJm5qh4Bi+2YgwLCcI/fPFZkL5PSixOt6ZNKm+w+Hfp/Bciwow=="
    },
    "fs-extra": {
      "version": "8.1.0",
      "resolved": "https://registry.npmjs.org/fs-extra/-/fs-extra-8.1.0.tgz",
      "integrity": "sha512-yhlQgA6mnOJUKOsRUFsgJdQCvkKhcz8tlZG5HBQfReYZy46OwLcY+Zia0mtdHsOo9y/hP+CxMN0TU9QxoOtG4g==",
      "requires": {
        "graceful-fs": "^4.2.0",
        "jsonfile": "^4.0.0",
        "universalify": "^0.1.0"
      }
    },
    "graceful-fs": {
      "version": "4.2.0",
      "resolved": "https://registry.npmjs.org/graceful-fs/-/graceful-fs-4.2.0.tgz",
      "integrity": "sha512-jpSvDPV4Cq/bgtpndIWbI5hmYxhQGHPC4d4cqBPb4DLniCfhJokdXhwhaDuLBGLQdvvRum/UiX6ECVIPvDXqdg=="
    },
    "gunzip-file": {
      "version": "0.1.1",
      "resolved": "https://registry.npmjs.org/gunzip-file/-/gunzip-file-0.1.1.tgz",
      "integrity": "sha1-KbOjzIpqWM5VOBK8CxPwoLs6XuI="
    },
    "inherits": {
      "version": "2.0.4",
      "resolved": "https://registry.npmjs.org/inherits/-/inherits-2.0.4.tgz",
      "integrity": "sha512-k/vGaX4/Yla3WzyMCvTQOXYeIHvqOKtnqBduzTHpzpQZzAskKMhZ2K+EnBiSM9zGSoIFeMpXKxa4dYeZIQqewQ=="
    },
    "isarray": {
      "version": "1.0.0",
      "resolved": "https://registry.npmjs.org/isarray/-/isarray-1.0.0.tgz",
      "integrity": "sha1-u5NdSFgsuhaMBoNJV6VKPgcSTxE="
    },
    "json-schema-traverse": {
      "version": "0.4.1",
      "resolved": "https://registry.npmjs.org/json-schema-traverse/-/json-schema-traverse-0.4.1.tgz",
      "integrity": "sha512-xbbCH5dCYU5T8LcEhhuh7HJ88HXuW3qsI3Y0zOZFKfZEHcpWiHU/Jxzk629Brsab/mMiHQti9wMP+845RPe3Vg=="
    },
    "json5": {
      "version": "1.0.1",
      "resolved": "https://registry.npmjs.org/json5/-/json5-1.0.1.tgz",
      "integrity": "sha512-aKS4WQjPenRxiQsC93MNfjx+nbF4PAdYzmd/1JIj8HYzqfbu86beTuNgXDzPknWk0n0uARlyewZo4s++ES36Ow==",
      "requires": {
        "minimist": "^1.2.0"
      }
    },
    "jsonfile": {
      "version": "4.0.0",
      "resolved": "https://registry.npmjs.org/jsonfile/-/jsonfile-4.0.0.tgz",
      "integrity": "sha1-h3Gq4HmbZAdrdmQPygWPnBDjPss=",
      "requires": {
        "graceful-fs": "^4.1.6"
      }
    },
    "jsonparse": {
      "version": "1.3.1",
      "resolved": "https://registry.npmjs.org/jsonparse/-/jsonparse-1.3.1.tgz",
      "integrity": "sha1-P02uSpH6wxX3EGL4UhzCOfE2YoA="
    },
    "loader-utils": {
      "version": "1.2.3",
      "resolved": "https://registry.npmjs.org/loader-utils/-/loader-utils-1.2.3.tgz",
      "integrity": "sha512-fkpz8ejdnEMG3s37wGL07iSBDg99O9D5yflE9RGNH3hRdx9SOwYfnGYdZOUIZitN8E+E2vkq3MUMYMvPYl5ZZA==",
      "requires": {
        "big.js": "^5.2.2",
        "emojis-list": "^2.0.0",
        "json5": "^1.0.1"
      }
    },
    "lodash": {
      "version": "4.17.15",
      "resolved": "https://registry.npmjs.org/lodash/-/lodash-4.17.15.tgz",
      "integrity": "sha512-8xOcRHvCjnocdS5cpwXQXVzmmh5e5+saE2QGoeQmbKmRS6J3VQppPOIt0MnmE+4xlZoumy0GPG0D0MVIQbNA1A=="
    },
    "lru-cache": {
      "version": "5.1.1",
      "resolved": "https://registry.npmjs.org/lru-cache/-/lru-cache-5.1.1.tgz",
      "integrity": "sha512-KpNARQA3Iwv+jTA0utUVVbrh+Jlrr1Fv0e56GGzAFOXN7dk/FviaDW8LHmK52DlcH4WP2n6gI8vN1aesBFgo9w==",
      "requires": {
        "yallist": "^3.0.2"
      }
    },
    "md5-file": {
      "version": "4.0.0",
      "resolved": "https://registry.npmjs.org/md5-file/-/md5-file-4.0.0.tgz",
      "integrity": "sha512-UC0qFwyAjn4YdPpKaDNw6gNxRf7Mcx7jC1UGCY4boCzgvU2Aoc1mOGzTtrjjLKhM5ivsnhoKpQVxKPp+1j1qwg=="
    },
    "minimist": {
      "version": "1.2.0",
      "resolved": "https://registry.npmjs.org/minimist/-/minimist-1.2.0.tgz",
      "integrity": "sha1-o1AIsg9BOD7sH7kU9M1d95omQoQ="
    },
    "mkdirp": {
      "version": "0.5.1",
      "resolved": "https://registry.npmjs.org/mkdirp/-/mkdirp-0.5.1.tgz",
      "integrity": "sha1-MAV0OOrGz3+MR2fzhkjWaX11yQM=",
      "requires": {
        "minimist": "0.0.8"
      },
      "dependencies": {
        "minimist": {
          "version": "0.0.8",
          "resolved": "https://registry.npmjs.org/minimist/-/minimist-0.0.8.tgz",
          "integrity": "sha1-hX/Kv8M5fSYluCKCYuhqp6ARsF0="
        }
      }
    },
    "ms": {
      "version": "2.1.2",
      "resolved": "https://registry.npmjs.org/ms/-/ms-2.1.2.tgz",
      "integrity": "sha512-sGkPx+VjMtmA6MX27oA4FBFELFCZZ4S4XqeGOXCv68tT+jb3vk/RyaKWP0PTKyWtmLSM0b+adUTEvbs1PEaH2w=="
    },
    "node-ensure": {
      "version": "0.0.0",
      "resolved": "https://registry.npmjs.org/node-ensure/-/node-ensure-0.0.0.tgz",
      "integrity": "sha1-7K52QVDemYYexcgQ/V0Jaxg5Mqc="
    },
    "once": {
      "version": "1.4.0",
      "resolved": "https://registry.npmjs.org/once/-/once-1.4.0.tgz",
      "integrity": "sha1-WDsap3WWHUsROsF9nFC6753Xa9E=",
      "requires": {
        "wrappy": "1"
      }
    },
    "pdfjs-dist": {
      "version": "2.0.943",
      "resolved": "https://registry.npmjs.org/pdfjs-dist/-/pdfjs-dist-2.0.943.tgz",
      "integrity": "sha512-iLhNcm4XceTHRaSU5o22ZGCm4YpuW5+rf4+BJFH/feBhMQLbCGBry+Jet8Q419QDI4qgARaIQzXuiNrsNWS8Yw==",
      "requires": {
        "node-ensure": "^0.0.0",
        "worker-loader": "^2.0.0"
      }
    },
    "process-nextick-args": {
      "version": "2.0.1",
      "resolved": "https://registry.npmjs.org/process-nextick-args/-/process-nextick-args-2.0.1.tgz",
      "integrity": "sha512-3ouUOpQhtgrbOa17J7+uxOTpITYWaGP7/AhoR3+A+/1e9skrzelGi/dXzEYyvbxubEF6Wn2ypscTKiKJFFn1ag=="
    },
    "pump": {
      "version": "1.0.3",
      "resolved": "https://registry.npmjs.org/pump/-/pump-1.0.3.tgz",
      "integrity": "sha512-8k0JupWme55+9tCVE+FS5ULT3K6AbgqrGa58lTT49RpyfwwcGedHqaC5LlQNdEAumn/wFsu6aPwkuPMioy8kqw==",
      "requires": {
        "end-of-stream": "^1.1.0",
        "once": "^1.3.1"
      }
    },
    "punycode": {
      "version": "2.1.1",
      "resolved": "https://registry.npmjs.org/punycode/-/punycode-2.1.1.tgz",
      "integrity": "sha512-XRsRjdf+j5ml+y/6GKHPZbrF/8p2Yga0JPtdqTIY2Xe5ohJPD9saDJJLPvp9+NSBprVvevdXZybnj2cv8OEd0A=="
    },
    "readable-stream": {
      "version": "2.3.6",
      "resolved": "https://registry.npmjs.org/readable-stream/-/readable-stream-2.3.6.tgz",
      "integrity": "sha512-tQtKA9WIAhBF3+VLAseyMqZeBjW0AHJoxOtYqSUZNJxauErmLbVm2FW1y+J/YA9dUrAC39ITejlZWhVIwawkKw==",
      "requires": {
        "core-util-is": "~1.0.0",
        "inherits": "~2.0.3",
        "isarray": "~1.0.0",
        "process-nextick-args": "~2.0.0",
        "safe-buffer": "~5.1.1",
        "string_decoder": "~1.1.1",
        "util-deprecate": "~1.0.1"
      }
    },
    "safe-buffer": {
      "version": "5.1.2",
      "resolved": "https://registry.npmjs.org/safe-buffer/-/safe-buffer-5.1.2.tgz",
      "integrity": "sha512-Gd2UZBJDkXlY7GbJxfsE8/nvKkUEU1G38c1siN6QP6a9PT9MmHB8GnpscSmMJSoF8LOIrt8ud/wPtojys4G6+g=="
    },
    "sax": {
      "version": "1.2.4",
      "resolved": "https://registry.npmjs.org/sax/-/sax-1.2.4.tgz",
      "integrity": "sha512-NqVDv9TpANUjFm0N8uM5GxL36UgKi9/atZw+x7YFnQ8ckwFGKrl4xX4yWtrey3UJm5nP1kUbnYgLopqWNSRhWw=="
    },
    "schema-utils": {
      "version": "0.4.7",
      "resolved": "https://registry.npmjs.org/schema-utils/-/schema-utils-0.4.7.tgz",
      "integrity": "sha512-v/iwU6wvwGK8HbU9yi3/nhGzP0yGSuhQMzL6ySiec1FSrZZDkhm4noOSWzrNFo/jEc+SJY6jRTwuwbSXJPDUnQ==",
      "requires": {
        "ajv": "^6.1.0",
        "ajv-keywords": "^3.1.0"
      }
    },
    "slash": {
      "version": "3.0.0",
      "resolved": "https://registry.npmjs.org/slash/-/slash-3.0.0.tgz",
      "integrity": "sha512-g9Q1haeby36OSStwb4ntCGGGaKsaVSjQ68fBxoQcutl5fS1vuY18H3wSt3jFyFtrkx+Kz0V1G85A4MyAdDMi2Q=="
    },
    "split-ca": {
      "version": "1.0.1",
      "resolved": "https://registry.npmjs.org/split-ca/-/split-ca-1.0.1.tgz",
      "integrity": "sha1-bIOv82kvphJW4M0ZfgXp3hV2kaY="
    },
    "string_decoder": {
      "version": "1.1.1",
      "resolved": "https://registry.npmjs.org/string_decoder/-/string_decoder-1.1.1.tgz",
      "integrity": "sha512-n/ShnvDi6FHbbVfviro+WojiFzv+s8MPMHBczVePfUpDJLwoLT0ht1l4YwBCbi8pJAveEEdnkHyPyTP/mzRfwg==",
      "requires": {
        "safe-buffer": "~5.1.0"
      }
    },
    "tar-fs": {
      "version": "1.16.3",
      "resolved": "https://registry.npmjs.org/tar-fs/-/tar-fs-1.16.3.tgz",
      "integrity": "sha512-NvCeXpYx7OsmOh8zIOP/ebG55zZmxLE0etfWRbWok+q2Qo8x/vOR/IJT1taADXPe+jsiu9axDb3X4B+iIgNlKw==",
      "requires": {
        "chownr": "^1.0.1",
        "mkdirp": "^0.5.1",
        "pump": "^1.0.0",
        "tar-stream": "^1.1.2"
      }
    },
    "tar-stream": {
      "version": "1.6.2",
      "resolved": "https://registry.npmjs.org/tar-stream/-/tar-stream-1.6.2.tgz",
      "integrity": "sha512-rzS0heiNf8Xn7/mpdSVVSMAWAoy9bfb1WOTYC78Z0UQKeKa/CWS8FOq0lKGNa8DWKAn9gxjCvMLYc5PGXYlK2A==",
      "requires": {
        "bl": "^1.0.0",
        "buffer-alloc": "^1.2.0",
        "end-of-stream": "^1.0.0",
        "fs-constants": "^1.0.0",
        "readable-stream": "^2.3.0",
        "to-buffer": "^1.1.1",
        "xtend": "^4.0.0"
      }
    },
    "through": {
      "version": "2.3.8",
      "resolved": "https://registry.npmjs.org/through/-/through-2.3.8.tgz",
      "integrity": "sha1-DdTJ/6q8NXlgsbckEV1+Doai4fU="
    },
    "to-buffer": {
      "version": "1.1.1",
      "resolved": "https://registry.npmjs.org/to-buffer/-/to-buffer-1.1.1.tgz",
      "integrity": "sha512-lx9B5iv7msuFYE3dytT+KE5tap+rNYw+K4jVkb9R/asAb+pbBSM17jtunHplhBe6RRJdZx3Pn2Jph24O32mOVg=="
    },
    "typedarray": {
      "version": "0.0.6",
      "resolved": "https://registry.npmjs.org/typedarray/-/typedarray-0.0.6.tgz",
      "integrity": "sha1-hnrHTjhkGHsdPUfZlqeOxciDB3c="
    },
    "universalify": {
      "version": "0.1.2",
      "resolved": "https://registry.npmjs.org/universalify/-/universalify-0.1.2.tgz",
      "integrity": "sha512-rBJeI5CXAlmy1pV+617WB9J63U6XcazHHF2f2dbJix4XzpUF0RS3Zbj0FGIOCAva5P/d/GBOYaACQ1w+0azUkg=="
    },
    "uri-js": {
      "version": "4.2.2",
      "resolved": "https://registry.npmjs.org/uri-js/-/uri-js-4.2.2.tgz",
      "integrity": "sha512-KY9Frmirql91X2Qgjry0Wd4Y+YTdrdZheS8TFwvkbLWf/G5KNJDCh6pKL5OZctEW4+0Baa5idK2ZQuELRwPznQ==",
      "requires": {
        "punycode": "^2.1.0"
      }
    },
    "util-deprecate": {
      "version": "1.0.2",
      "resolved": "https://registry.npmjs.org/util-deprecate/-/util-deprecate-1.0.2.tgz",
      "integrity": "sha1-RQ1Nyfpw3nMnYvvS1KKJgUGaDM8="
    },
    "uuid": {
      "version": "3.3.2",
      "resolved": "https://registry.npmjs.org/uuid/-/uuid-3.3.2.tgz",
      "integrity": "sha512-yXJmeNaw3DnnKAOKJE51sL/ZaYfWJRl1pK9dr19YFCu0ObS231AB1/LbqTKRAQ5kw8A90rA6fr4riOUpTZvQZA=="
    },
    "worker-loader": {
      "version": "2.0.0",
      "resolved": "https://registry.npmjs.org/worker-loader/-/worker-loader-2.0.0.tgz",
      "integrity": "sha512-tnvNp4K3KQOpfRnD20m8xltE3eWh89Ye+5oj7wXEEHKac1P4oZ6p9oTj8/8ExqoSBnk9nu5Pr4nKfQ1hn2APJw==",
      "requires": {
        "loader-utils": "^1.0.0",
        "schema-utils": "^0.4.0"
      }
    },
    "wrappy": {
      "version": "1.0.2",
      "resolved": "https://registry.npmjs.org/wrappy/-/wrappy-1.0.2.tgz",
      "integrity": "sha1-tSQ9jz7BqjXxNkYFvA0QNuMKtp8="
    },
    "xml-js": {
      "version": "1.6.11",
      "resolved": "https://registry.npmjs.org/xml-js/-/xml-js-1.6.11.tgz",
      "integrity": "sha512-7rVi2KMfwfWFl+GpPg6m80IVMWXLRjO+PxTq7V2CDhoGak0wzYzFgUY2m4XJ47OGdXd8eLE8EmwfAmdjw7lC1g==",
      "requires": {
        "sax": "^1.2.4"
      }
    },
    "xtend": {
      "version": "4.0.2",
      "resolved": "https://registry.npmjs.org/xtend/-/xtend-4.0.2.tgz",
      "integrity": "sha512-LKYU1iAXJXUgAXn9URjiu+MWhyUXHsvfp7mcuYm9dSUKK0/CjtrUwFAxD82/mCWbtLsGjFIad0wIsod4zrTAEQ=="
    },
    "yallist": {
      "version": "3.0.3",
      "resolved": "https://registry.npmjs.org/yallist/-/yallist-3.0.3.tgz",
      "integrity": "sha512-S+Zk8DEWE6oKpV+vI3qWkaK+jSbIK86pCwe2IF/xwIpQ8jEuxpw9NyaGjmp9+BoJv5FV2piqCDcoCtStppiq2A=="
    }
  }
}
